
Microsoft Visual Studio Solution File, Format Version 12.00
# Visual Studio Version 16
VisualStudioVersion = 16.0.29509.3
MinimumVisualStudioVersion = 10.0.40219.1
Project("{FAE04EC0-301F-11D3-BF4B-00C04F79EFBC}") = "Exercicio01", "Exercicio01\Exercicio01.csproj", "{5CA00F8A-8ECF-490C-96EA-947946A22443}"
EndProject
Project("{FAE04EC0-301F-11D3-BF4B-00C04F79EFBC}") = "Exercicio01.Tests", "Exercicio01.Tests\Exercicio01.Tests.csproj", "{37808A3D-BF7A-4B87-889D-A229A0F4E5CA}"
EndProject
Global
	GlobalSection(SolutionConfigurationPlatforms) = preSolution
		Debug|Any CPU = Debug|Any CPU
		Release|Any CPU = Release|Any CPU
	EndGlobalSection
	GlobalSection(ProjectConfigurationPlatforms) = postSolution
		{5CA00F8A-8ECF-490C-96EA-947946A22443}.Debug|Any CPU.ActiveCfg = Debug|Any CPU
		{5CA00F8A-8ECF-490C-96EA-947946A22443}.Debug|Any CPU.Build.0 = Debug|Any CPU
		{5CA00F8A-8ECF-490C-96EA-947946A22443}.Release|Any CPU.ActiveCfg = Release|Any CPU
		{5CA00F8A-8ECF-490C-96EA-947946A22443}.Release|Any CPU.Build.0 = Release|Any CPU
		{37808A3D-BF7A-4B87-889D-A229A0F4E5CA}.Debug|Any CPU.ActiveCfg = Debug|Any CPU
		{37808A3D-BF7A-4B87-889D-A229A0F4E5CA}.Debug|Any CPU.Build.0 = Debug|Any CPU
		{37808A3D-BF7A-4B87-889D-A229A0F4E5CA}.Release|Any CPU.ActiveCfg = Release|Any CPU
		{37808A3D-BF7A-4B87-889D-A229A0F4E5CA}.Release|Any CPU.Build.0 = Release|Any CPU
	EndGlobalSection
	GlobalSection(SolutionProperties) = preSolution
		HideSolutionNode = FALSE
	EndGlobalSection
	GlobalSection(ExtensibilityGlobals) = postSolution
		SolutionGuid = {8FADD9B0-B4C0-4610-878C-38E65BDE7342}
	EndGlobalSection
EndGlobal
